
Microsoft Visual Studio Solution File, Format Version 12.00
# Visual Studio Version 16
VisualStudioVersion = 16.0.29728.190
MinimumVisualStudioVersion = 10.0.40219.1
Project("{9A19103F-16F7-4668-BE54-9A1E7A4F7556}") = "Shop.Data", "Shop.Data\Shop.Data.csproj", "{E670DFE2-5A31-4B8C-ADE7-126F92ED3490}"
EndProject
Project("{9A19103F-16F7-4668-BE54-9A1E7A4F7556}") = "Shop.Web", "Shop.Web\Shop.Web.csproj", "{60F89A0C-18F3-4C86-8D55-A0754A56D1C4}"
EndProject
Project("{9A19103F-16F7-4668-BE54-9A1E7A4F7556}") = "Shop.Tests", "Shop.Tests\Shop.Tests.csproj", "{DE88BA06-0BD5-462A-95E8-AD11E59AD570}"
EndProject
Global
	GlobalSection(SolutionConfigurationPlatforms) = preSolution
		Debug|Any CPU = Debug|Any CPU
		Release|Any CPU = Release|Any CPU
	EndGlobalSection
	GlobalSection(ProjectConfigurationPlatforms) = postSolution
		{E670DFE2-5A31-4B8C-ADE7-126F92ED3490}.Debug|Any CPU.ActiveCfg = Debug|Any CPU
		{E670DFE2-5A31-4B8C-ADE7-126F92ED3490}.Debug|Any CPU.Build.0 = Debug|Any CPU
		{E670DFE2-5A31-4B8C-ADE7-126F92ED3490}.Release|Any CPU.ActiveCfg = Release|Any CPU
		{E670DFE2-5A31-4B8C-ADE7-126F92ED3490}.Release|Any CPU.Build.0 = Release|Any CPU
		{60F89A0C-18F3-4C86-8D55-A0754A56D1C4}.Debug|Any CPU.ActiveCfg = Debug|Any CPU
		{60F89A0C-18F3-4C86-8D55-A0754A56D1C4}.Debug|Any CPU.Build.0 = Debug|Any CPU
		{60F89A0C-18F3-4C86-8D55-A0754A56D1C4}.Release|Any CPU.ActiveCfg = Release|Any CPU
		{60F89A0C-18F3-4C86-8D55-A0754A56D1C4}.Release|Any CPU.Build.0 = Release|Any CPU
		{DE88BA06-0BD5-462A-95E8-AD11E59AD570}.Debug|Any CPU.ActiveCfg = Debug|Any CPU
		{DE88BA06-0BD5-462A-95E8-AD11E59AD570}.Debug|Any CPU.Build.0 = Debug|Any CPU
		{DE88BA06-0BD5-462A-95E8-AD11E59AD570}.Release|Any CPU.ActiveCfg = Release|Any CPU
		{DE88BA06-0BD5-462A-95E8-AD11E59AD570}.Release|Any CPU.Build.0 = Release|Any CPU
	EndGlobalSection
	GlobalSection(SolutionProperties) = preSolution
		HideSolutionNode = FALSE
	EndGlobalSection
	GlobalSection(ExtensibilityGlobals) = postSolution
		SolutionGuid = {9C6BA08D-54B4-4E2C-AC9A-0A7A73ECAAF6}
	EndGlobalSection
EndGlobal
